
Microsoft Visual Studio Solution File, Format Version 12.00
# Visual Studio 15
VisualStudioVersion = 15.0.27428.2002
MinimumVisualStudioVersion = 10.0.40219.1
Project("{FAE04EC0-301F-11D3-BF4B-00C04F79EFBC}") = "graftest.Android", "graftest\graftest.Android\graftest.Android.csproj", "{95C00D13-1FA1-4058-9852-3333E851C717}"
EndProject
Project("{9A19103F-16F7-4668-BE54-9A1E7A4F7556}") = "graftest", "graftest\graftest\graftest.csproj", "{2E43879C-BBC9-4B5D-8EF2-4C7CB1B175CB}"
EndProject
Global
	GlobalSection(SolutionConfigurationPlatforms) = preSolution
		Debug|Any CPU = Debug|Any CPU
		Release|Any CPU = Release|Any CPU
	EndGlobalSection
	GlobalSection(ProjectConfigurationPlatforms) = postSolution
		{95C00D13-1FA1-4058-9852-3333E851C717}.Debug|Any CPU.ActiveCfg = Debug|Any CPU
		{95C00D13-1FA1-4058-9852-3333E851C717}.Debug|Any CPU.Build.0 = Debug|Any CPU
		{95C00D13-1FA1-4058-9852-3333E851C717}.Debug|Any CPU.Deploy.0 = Debug|Any CPU
		{95C00D13-1FA1-4058-9852-3333E851C717}.Release|Any CPU.ActiveCfg = Release|Any CPU
		{95C00D13-1FA1-4058-9852-3333E851C717}.Release|Any CPU.Build.0 = Release|Any CPU
		{95C00D13-1FA1-4058-9852-3333E851C717}.Release|Any CPU.Deploy.0 = Release|Any CPU
		{2E43879C-BBC9-4B5D-8EF2-4C7CB1B175CB}.Debug|Any CPU.ActiveCfg = Debug|Any CPU
		{2E43879C-BBC9-4B5D-8EF2-4C7CB1B175CB}.Debug|Any CPU.Build.0 = Debug|Any CPU
		{2E43879C-BBC9-4B5D-8EF2-4C7CB1B175CB}.Release|Any CPU.ActiveCfg = Release|Any CPU
		{2E43879C-BBC9-4B5D-8EF2-4C7CB1B175CB}.Release|Any CPU.Build.0 = Release|Any CPU
	EndGlobalSection
	GlobalSection(SolutionProperties) = preSolution
		HideSolutionNode = FALSE
	EndGlobalSection
	GlobalSection(ExtensibilityGlobals) = postSolution
		SolutionGuid = {4B7344BB-49CE-4D1E-BA2C-70188F68C441}
	EndGlobalSection
EndGlobal
